
Microsoft Visual Studio Solution File, Format Version 12.00
# Visual Studio Version 17
VisualStudioVersion = 17.8.34330.188
MinimumVisualStudioVersion = 10.0.40219.1
Project("{FAE04EC0-301F-11D3-BF4B-00C04F79EFBC}") = "DomacaRabota", "DomacaRabota\DomacaRabota.csproj", "{5670304E-2B58-4C69-A81F-FE0980CEBBD2}"
EndProject
Global
	GlobalSection(SolutionConfigurationPlatforms) = preSolution
		Debug|Any CPU = Debug|Any CPU
		Release|Any CPU = Release|Any CPU
	EndGlobalSection
	GlobalSection(ProjectConfigurationPlatforms) = postSolution
		{5670304E-2B58-4C69-A81F-FE0980CEBBD2}.Debug|Any CPU.ActiveCfg = Debug|Any CPU
		{5670304E-2B58-4C69-A81F-FE0980CEBBD2}.Debug|Any CPU.Build.0 = Debug|Any CPU
		{5670304E-2B58-4C69-A81F-FE0980CEBBD2}.Release|Any CPU.ActiveCfg = Release|Any CPU
		{5670304E-2B58-4C69-A81F-FE0980CEBBD2}.Release|Any CPU.Build.0 = Release|Any CPU
	EndGlobalSection
	GlobalSection(SolutionProperties) = preSolution
		HideSolutionNode = FALSE
	EndGlobalSection
	GlobalSection(ExtensibilityGlobals) = postSolution
		SolutionGuid = {044C27D6-ECAA-4A71-A744-EDE260AF69BC}
	EndGlobalSection
EndGlobal
